
Microsoft Visual Studio Solution File, Format Version 12.00
# Visual Studio 2012
Project("{FAE04EC0-301F-11D3-BF4B-00C04F79EFBC}") = "ServiceStackTest", "ServiceStackTest\ServiceStackTest.csproj", "{8B632FD0-9780-4456-9E87-568AE40EDF5F}"
EndProject
Project("{FAE04EC0-301F-11D3-BF4B-00C04F79EFBC}") = "WebApplication1", "WebApplication1\WebApplication1.csproj", "{C6195435-C859-4C16-A85B-5DFBE6B20A87}"
EndProject
Global
	GlobalSection(SolutionConfigurationPlatforms) = preSolution
		Debug|Any CPU = Debug|Any CPU
		Release|Any CPU = Release|Any CPU
	EndGlobalSection
	GlobalSection(ProjectConfigurationPlatforms) = postSolution
		{8B632FD0-9780-4456-9E87-568AE40EDF5F}.Debug|Any CPU.ActiveCfg = Debug|Any CPU
		{8B632FD0-9780-4456-9E87-568AE40EDF5F}.Debug|Any CPU.Build.0 = Debug|Any CPU
		{8B632FD0-9780-4456-9E87-568AE40EDF5F}.Release|Any CPU.ActiveCfg = Release|Any CPU
		{8B632FD0-9780-4456-9E87-568AE40EDF5F}.Release|Any CPU.Build.0 = Release|Any CPU
		{C6195435-C859-4C16-A85B-5DFBE6B20A87}.Debug|Any CPU.ActiveCfg = Debug|Any CPU
		{C6195435-C859-4C16-A85B-5DFBE6B20A87}.Debug|Any CPU.Build.0 = Debug|Any CPU
		{C6195435-C859-4C16-A85B-5DFBE6B20A87}.Release|Any CPU.ActiveCfg = Release|Any CPU
		{C6195435-C859-4C16-A85B-5DFBE6B20A87}.Release|Any CPU.Build.0 = Release|Any CPU
	EndGlobalSection
	GlobalSection(SolutionProperties) = preSolution
		HideSolutionNode = FALSE
	EndGlobalSection
EndGlobal
